{
    "requires": true,
    "lockfileVersion": 1,
    "dependencies": {
        "laravel-echo": {
            "version": "1.5.3",
            "resolved": "https://registry.npmjs.org/laravel-echo/-/laravel-echo-1.5.3.tgz",
            "integrity": "sha512-CFm0Kruz2zqAwTFSA5X9X5BmIvXYEmrHhcVp5nu4uIdhyObHohWAUBNUD34J4QsIR2J4nGSzB+wi/wsACwlPcg=="
        }
    }
}
